
Microsoft Visual Studio Solution File, Format Version 12.00
# Visual Studio Version 16
VisualStudioVersion = 16.0.33214.272
MinimumVisualStudioVersion = 10.0.40219.1
Project("{FAE04EC0-301F-11D3-BF4B-00C04F79EFBC}") = "LybSys", "LybSys\LybSys.csproj", "{2373C5DC-4794-4296-BA5A-2C763344D9FF}"
EndProject
Global
	GlobalSection(SolutionConfigurationPlatforms) = preSolution
		Debug|Any CPU = Debug|Any CPU
		Release|Any CPU = Release|Any CPU
	EndGlobalSection
	GlobalSection(ProjectConfigurationPlatforms) = postSolution
		{2373C5DC-4794-4296-BA5A-2C763344D9FF}.Debug|Any CPU.ActiveCfg = Debug|Any CPU
		{2373C5DC-4794-4296-BA5A-2C763344D9FF}.Debug|Any CPU.Build.0 = Debug|Any CPU
		{2373C5DC-4794-4296-BA5A-2C763344D9FF}.Release|Any CPU.ActiveCfg = Release|Any CPU
		{2373C5DC-4794-4296-BA5A-2C763344D9FF}.Release|Any CPU.Build.0 = Release|Any CPU
	EndGlobalSection
	GlobalSection(SolutionProperties) = preSolution
		HideSolutionNode = FALSE
	EndGlobalSection
	GlobalSection(ExtensibilityGlobals) = postSolution
		SolutionGuid = {E9933C64-E3FA-4FD6-82E9-9108843A8C0D}
	EndGlobalSection
EndGlobal
